{
  "version": 4,
  "terraform_version": "1.11.2",
  "serial": 64,
  "lineage": "2082bd94-2aca-0bc1-0917-a69b1662db14",
  "outputs": {
    "cloud_run_url": {
      "value": "https://contextpilot-backend-l7g6shydza-uc.a.run.app",
      "type": "string"
    },
    "firestore_database": {
      "value": "(default)",
      "type": "string"
    },
    "project_id": {
      "value": "gen-lang-client-0805532064",
      "type": "string"
    },
    "pubsub_subscriptions": {
      "value": [
        "coach-agent-sub",
        "git-agent-sub",
        "retrospective-agent-sub",
        "spec-agent-sub",
        "strategy-agent-sub"
      ],
      "type": [
        "tuple",
        [
          "string",
          "string",
          "string",
          "string",
          "string"
        ]
      ]
    },
    "pubsub_topics": {
      "value": [
        "artifact-events",
        "coach-events",
        "context-events",
        "dead-letter-queue",
        "git-events",
        "milestone-events",
        "proposal-events",
        "retrospective-events",
        "reward-events",
        "spec-events",
        "strategy-events"
      ],
      "type": [
        "tuple",
        [
          "string",
          "string",
          "string",
          "string",
          "string",
          "string",
          "string",
          "string",
          "string",
          "string",
          "string"
        ]
      ]
    },
    "region": {
      "value": "us-central1",
      "type": "string"
    },
    "secret_manager_secrets": {
      "value": [
        "GOOGLE_API_KEY",
        "GITHUB_TOKEN"
      ],
      "type": [
        "tuple",
        [
          "string",
          "string"
        ]
      ]
    }
  },
  "resources": [
    {
      "mode": "data",
      "type": "google_billing_account",
      "name": "account",
      "provider": "provider[\"registry.terraform.io/hashicorp/google\"]",
      "instances": [
        {
          "schema_version": 0,
          "attributes": {
            "billing_account": "015692-3F1860-6F330A",
            "display_name": "Firebase Payment",
            "id": "015692-3F1860-6F330A",
            "lookup_projects": true,
            "name": "billingAccounts/015692-3F1860-6F330A",
            "open": true,
            "project_ids": [
              "age-verify-461002",
              "blockloan",
              "gen-lang-client-0805532064"
            ]
          },
          "sensitive_attributes": []
        }
      ]
    },
    {
      "mode": "data",
      "type": "google_project",
      "name": "project",
      "provider": "provider[\"registry.terraform.io/hashicorp/google\"]",
      "instances": [
        {
          "schema_version": 0,
          "attributes": {
            "auto_create_network": null,
            "billing_account": "015692-3F1860-6F330A",
            "deletion_policy": "DELETE",
            "effective_labels": {},
            "folder_id": null,
            "id": "projects/gen-lang-client-0805532064",
            "labels": {},
            "name": "gcp-contextpilot",
            "number": "581368740395",
            "org_id": null,
            "project_id": "gen-lang-client-0805532064",
            "skip_delete": null,
            "terraform_labels": {}
          },
          "sensitive_attributes": []
        }
      ]
    },
    {
      "mode": "managed",
      "type": "google_cloud_run_service",
      "name": "backend",
      "provider": "provider[\"registry.terraform.io/hashicorp/google\"]",
      "instances": [
        {
          "schema_version": 2,
          "attributes": {
            "autogenerate_revision_name": false,
            "id": "locations/us-central1/namespaces/gen-lang-client-0805532064/services/contextpilot-backend",
            "location": "us-central1",
            "metadata": [
              {
                "annotations": {},
                "effective_annotations": {
                  "run.googleapis.com/client-name": "gcloud",
                  "run.googleapis.com/client-version": "543.0.0",
                  "run.googleapis.com/ingress": "all",
                  "run.googleapis.com/ingress-status": "all",
                  "run.googleapis.com/operation-id": "1904b41f-8223-4fe9-9de7-f6e8e58a7848",
                  "run.googleapis.com/urls": "[\"https://contextpilot-backend-581368740395.us-central1.run.app\",\"https://contextpilot-backend-l7g6shydza-uc.a.run.app\"]",
                  "serving.knative.dev/creator": "segall.felipe@gmail.com",
                  "serving.knative.dev/lastModifier": "segall.felipe@gmail.com"
                },
                "effective_labels": {
                  "cloud.googleapis.com/location": "us-central1"
                },
                "generation": 18,
                "labels": {},
                "namespace": "gen-lang-client-0805532064",
                "resource_version": "AAZBUVTsWdM",
                "self_link": "/apis/serving.knative.dev/v1/namespaces/581368740395/services/contextpilot-backend",
                "terraform_labels": {},
                "uid": "03e970ba-ad3a-4beb-ac9e-87e83b20aa28"
              }
            ],
            "name": "contextpilot-backend",
            "project": "gen-lang-client-0805532064",
            "status": [
              {
                "conditions": [
                  {
                    "message": "",
                    "reason": "",
                    "status": "True",
                    "type": "Ready"
                  },
                  {
                    "message": "",
                    "reason": "",
                    "status": "True",
                    "type": "ConfigurationsReady"
                  },
                  {
                    "message": "",
                    "reason": "",
                    "status": "True",
                    "type": "RoutesReady"
                  }
                ],
                "latest_created_revision_name": "contextpilot-backend-00018-4xw",
                "latest_ready_revision_name": "contextpilot-backend-00018-4xw",
                "observed_generation": 18,
                "traffic": [
                  {
                    "latest_revision": true,
                    "percent": 100,
                    "revision_name": "contextpilot-backend-00018-4xw",
                    "tag": "",
                    "url": ""
                  }
                ],
                "url": "https://contextpilot-backend-l7g6shydza-uc.a.run.app"
              }
            ],
            "template": [
              {
                "metadata": [
                  {
                    "annotations": {
                      "autoscaling.knative.dev/maxScale": "10",
                      "autoscaling.knative.dev/minScale": "0",
                      "run.googleapis.com/client-name": "gcloud",
                      "run.googleapis.com/client-version": "543.0.0"
                    },
                    "generation": 0,
                    "labels": {
                      "client.knative.dev/nonce": "hnkniqsako",
                      "run.googleapis.com/startupProbeType": "Default"
                    },
                    "name": "",
                    "namespace": "",
                    "resource_version": "",
                    "self_link": "",
                    "uid": ""
                  }
                ],
                "spec": [
                  {
                    "container_concurrency": 80,
                    "containers": [
                      {
                        "args": [],
                        "command": [],
                        "env": [
                          {
                            "name": "CONTEXTPILOT_AUTO_APPROVE_PROPOSALS",
                            "value": "true",
                            "value_from": []
                          },
                          {
                            "name": "ENVIRONMENT",
                            "value": "production",
                            "value_from": []
                          },
                          {
                            "name": "FIRESTORE_ENABLED",
                            "value": "true",
                            "value_from": []
                          },
                          {
                            "name": "GCP_PROJECT_ID",
                            "value": "gen-lang-client-0805532064",
                            "value_from": []
                          },
                          {
                            "name": "GITHUB_REPO",
                            "value": "fsegall/google-context-pilot",
                            "value_from": []
                          },
                          {
                            "name": "GITHUB_TOKEN",
                            "value": "",
                            "value_from": [
                              {
                                "secret_key_ref": [
                                  {
                                    "key": "latest",
                                    "name": "GITHUB_TOKEN"
                                  }
                                ]
                              }
                            ]
                          },
                          {
                            "name": "GOOGLE_API_KEY",
                            "value": "",
                            "value_from": [
                              {
                                "secret_key_ref": [
                                  {
                                    "key": "latest",
                                    "name": "GOOGLE_API_KEY"
                                  }
                                ]
                              }
                            ]
                          },
                          {
                            "name": "USE_PUBSUB",
                            "value": "true",
                            "value_from": []
                          }
                        ],
                        "env_from": [],
                        "image": "gcr.io/gen-lang-client-0805532064/contextpilot-backend:latest",
                        "liveness_probe": [],
                        "name": "",
                        "ports": [
                          {
                            "container_port": 8080,
                            "name": "http1",
                            "protocol": ""
                          }
                        ],
                        "resources": [
                          {
                            "limits": {
                              "cpu": "1",
                              "memory": "512Mi"
                            },
                            "requests": {}
                          }
                        ],
                        "startup_probe": [
                          {
                            "failure_threshold": 1,
                            "grpc": [],
                            "http_get": [],
                            "initial_delay_seconds": 0,
                            "period_seconds": 240,
                            "tcp_socket": [
                              {
                                "port": 8080
                              }
                            ],
                            "timeout_seconds": 240
                          }
                        ],
                        "volume_mounts": [],
                        "working_dir": ""
                      }
                    ],
                    "service_account_name": "581368740395-compute@developer.gserviceaccount.com",
                    "serving_state": "",
                    "timeout_seconds": 300,
                    "volumes": []
                  }
                ]
              }
            ],
            "timeouts": null,
            "traffic": [
              {
                "latest_revision": true,
                "percent": 100,
                "revision_name": "",
                "tag": "",
                "url": ""
              }
            ]
          },
          "sensitive_attributes": [],
          "private": "eyJlMmJmYjczMC1lY2FhLTExZTYtOGY4OC0zNDM2M2JjN2M0YzAiOnsiY3JlYXRlIjoxMjAwMDAwMDAwMDAwLCJkZWxldGUiOjEyMDAwMDAwMDAwMDAsInVwZGF0ZSI6MTIwMDAwMDAwMDAwMH0sInNjaGVtYV92ZXJzaW9uIjoiMiJ9",
          "dependencies": [
            "data.google_project.project",
            "google_project_service.required_apis",
            "google_secret_manager_secret.github_token",
            "google_secret_manager_secret.google_api_key",
            "google_secret_manager_secret_iam_member.cloud_run_secret_access"
          ]
        }
      ]
    },
    {
      "mode": "managed",
      "type": "google_cloud_run_service_iam_member",
      "name": "public_access",
      "provider": "provider[\"registry.terraform.io/hashicorp/google\"]",
      "instances": [
        {
          "schema_version": 0,
          "attributes": {
            "condition": [],
            "etag": "BwZBUVNO4jo=",
            "id": "v1/projects/gen-lang-client-0805532064/locations/us-central1/services/contextpilot-backend/roles/run.invoker/allUsers",
            "location": "us-central1",
            "member": "allUsers",
            "project": "gen-lang-client-0805532064",
            "role": "roles/run.invoker",
            "service": "v1/projects/gen-lang-client-0805532064/locations/us-central1/services/contextpilot-backend"
          },
          "sensitive_attributes": [],
          "private": "bnVsbA==",
          "dependencies": [
            "data.google_project.project",
            "google_cloud_run_service.backend",
            "google_project_service.required_apis",
            "google_secret_manager_secret.github_token",
            "google_secret_manager_secret.google_api_key",
            "google_secret_manager_secret_iam_member.cloud_run_secret_access"
          ]
        }
      ]
    },
    {
      "mode": "managed",
      "type": "google_firestore_database",
      "name": "database",
      "provider": "provider[\"registry.terraform.io/hashicorp/google\"]",
      "instances": [
        {
          "schema_version": 0,
          "attributes": {
            "app_engine_integration_mode": "DISABLED",
            "cmek_config": [],
            "concurrency_mode": "PESSIMISTIC",
            "create_time": "",
            "delete_protection_state": "DELETE_PROTECTION_DISABLED",
            "deletion_policy": "ABANDON",
            "earliest_version_time": "2025-10-17T01:25:34.914313Z",
            "etag": "IN/nz5aXqpADMKDi6r+8qZAD",
            "id": "projects/gen-lang-client-0805532064/databases/(default)",
            "key_prefix": "",
            "location_id": "us-central1",
            "name": "(default)",
            "point_in_time_recovery_enablement": "POINT_IN_TIME_RECOVERY_DISABLED",
            "project": "gen-lang-client-0805532064",
            "timeouts": null,
            "type": "FIRESTORE_NATIVE",
            "uid": "dbea7544-1c05-4b4b-a7e7-ccbe74342d79",
            "update_time": "",
            "version_retention_period": "3600s"
          },
          "sensitive_attributes": [],
          "private": "eyJlMmJmYjczMC1lY2FhLTExZTYtOGY4OC0zNDM2M2JjN2M0YzAiOnsiY3JlYXRlIjoxMjAwMDAwMDAwMDAwLCJkZWxldGUiOjEyMDAwMDAwMDAwMDAsInVwZGF0ZSI6MTIwMDAwMDAwMDAwMH19",
          "dependencies": [
            "google_project_service.required_apis"
          ]
        }
      ]
    },
    {
      "mode": "managed",
      "type": "google_monitoring_alert_policy",
      "name": "high_request_rate",
      "provider": "provider[\"registry.terraform.io/hashicorp/google\"]",
      "instances": [
        {
          "schema_version": 0,
          "attributes": {
            "alert_strategy": [
              {
                "auto_close": "1800s",
                "notification_channel_strategy": [],
                "notification_rate_limit": []
              }
            ],
            "combiner": "OR",
            "conditions": [
              {
                "condition_absent": [],
                "condition_matched_log": [],
                "condition_monitoring_query_language": [],
                "condition_prometheus_query_language": [],
                "condition_threshold": [
                  {
                    "aggregations": [
                      {
                        "alignment_period": "60s",
                        "cross_series_reducer": "",
                        "group_by_fields": [],
                        "per_series_aligner": "ALIGN_RATE"
                      }
                    ],
                    "comparison": "COMPARISON_GT",
                    "denominator_aggregations": [],
                    "denominator_filter": "",
                    "duration": "60s",
                    "evaluation_missing_data": "",
                    "filter": "resource.type = \"cloud_run_revision\" AND resource.labels.service_name = \"contextpilot-backend\" AND metric.type = \"run.googleapis.com/request_count\"",
                    "forecast_options": [],
                    "threshold_value": 1000,
                    "trigger": []
                  }
                ],
                "display_name": "Cloud Run requests \u003e 1000/minute",
                "name": "projects/gen-lang-client-0805532064/alertPolicies/5487743463634758544/conditions/5487743463634758621"
              }
            ],
            "creation_record": [
              {
                "mutate_time": "2025-10-17T02:21:59.779698660Z",
                "mutated_by": "segall.felipe@gmail.com"
              }
            ],
            "display_name": "ContextPilot - High Request Rate",
            "documentation": [
              {
                "content": "High request rate detected on ContextPilot backend. Possible DDoS or abuse.",
                "links": [],
                "mime_type": "text/markdown",
                "subject": ""
              }
            ],
            "enabled": true,
            "id": "projects/gen-lang-client-0805532064/alertPolicies/5487743463634758544",
            "name": "projects/gen-lang-client-0805532064/alertPolicies/5487743463634758544",
            "notification_channels": [],
            "project": "gen-lang-client-0805532064",
            "severity": "",
            "timeouts": null,
            "user_labels": {}
          },
          "sensitive_attributes": [],
          "private": "eyJlMmJmYjczMC1lY2FhLTExZTYtOGY4OC0zNDM2M2JjN2M0YzAiOnsiY3JlYXRlIjoxMjAwMDAwMDAwMDAwLCJkZWxldGUiOjEyMDAwMDAwMDAwMDAsInVwZGF0ZSI6MTIwMDAwMDAwMDAwMH19",
          "dependencies": [
            "data.google_project.project",
            "google_cloud_run_service.backend",
            "google_project_service.required_apis",
            "google_secret_manager_secret.github_token",
            "google_secret_manager_secret.google_api_key",
            "google_secret_manager_secret_iam_member.cloud_run_secret_access"
          ]
        }
      ]
    },
    {
      "mode": "managed",
      "type": "google_monitoring_alert_policy",
      "name": "rate_limit_errors",
      "provider": "provider[\"registry.terraform.io/hashicorp/google\"]",
      "instances": [
        {
          "schema_version": 0,
          "attributes": {
            "alert_strategy": [
              {
                "auto_close": "3600s",
                "notification_channel_strategy": [],
                "notification_rate_limit": []
              }
            ],
            "combiner": "OR",
            "conditions": [
              {
                "condition_absent": [],
                "condition_matched_log": [],
                "condition_monitoring_query_language": [],
                "condition_prometheus_query_language": [],
                "condition_threshold": [
                  {
                    "aggregations": [
                      {
                        "alignment_period": "60s",
                        "cross_series_reducer": "",
                        "group_by_fields": [],
                        "per_series_aligner": "ALIGN_RATE"
                      }
                    ],
                    "comparison": "COMPARISON_GT",
                    "denominator_aggregations": [],
                    "denominator_filter": "",
                    "duration": "300s",
                    "evaluation_missing_data": "",
                    "filter": "resource.type = \"cloud_run_revision\" AND resource.labels.service_name = \"contextpilot-backend\" AND metric.type = \"run.googleapis.com/request_count\" AND metric.labels.response_code_class = \"4xx\"",
                    "forecast_options": [],
                    "threshold_value": 50,
                    "trigger": []
                  }
                ],
                "display_name": "Many 429 errors (rate limiting active)",
                "name": "projects/gen-lang-client-0805532064/alertPolicies/8156524015222965281/conditions/8156524015222966824"
              }
            ],
            "creation_record": [
              {
                "mutate_time": "2025-10-17T02:22:00.928117403Z",
                "mutated_by": "segall.felipe@gmail.com"
              }
            ],
            "display_name": "ContextPilot - Rate Limit Errors",
            "documentation": [
              {
                "content": "Many users are hitting rate limits. This could indicate abuse or legitimate high usage.",
                "links": [],
                "mime_type": "text/markdown",
                "subject": ""
              }
            ],
            "enabled": true,
            "id": "projects/gen-lang-client-0805532064/alertPolicies/8156524015222965281",
            "name": "projects/gen-lang-client-0805532064/alertPolicies/8156524015222965281",
            "notification_channels": [],
            "project": "gen-lang-client-0805532064",
            "severity": "",
            "timeouts": null,
            "user_labels": {}
          },
          "sensitive_attributes": [],
          "private": "eyJlMmJmYjczMC1lY2FhLTExZTYtOGY4OC0zNDM2M2JjN2M0YzAiOnsiY3JlYXRlIjoxMjAwMDAwMDAwMDAwLCJkZWxldGUiOjEyMDAwMDAwMDAwMDAsInVwZGF0ZSI6MTIwMDAwMDAwMDAwMH19",
          "dependencies": [
            "data.google_project.project",
            "google_cloud_run_service.backend",
            "google_project_service.required_apis",
            "google_secret_manager_secret.github_token",
            "google_secret_manager_secret.google_api_key",
            "google_secret_manager_secret_iam_member.cloud_run_secret_access"
          ]
        }
      ]
    },
    {
      "mode": "managed",
      "type": "google_monitoring_dashboard",
      "name": "contextpilot_dashboard",
      "provider": "provider[\"registry.terraform.io/hashicorp/google\"]",
      "instances": [
        {
          "schema_version": 0,
          "attributes": {
            "dashboard_json": "{\"displayName\":\"ContextPilot Monitoring\",\"etag\":\"70b8c54c30c2693fe313585497b58124\",\"mosaicLayout\":{\"columns\":12,\"tiles\":[{\"height\":4,\"widget\":{\"title\":\"Cloud Run Requests/min\",\"xyChart\":{\"dataSets\":[{\"plotType\":\"LINE\",\"targetAxis\":\"Y1\",\"timeSeriesQuery\":{\"timeSeriesFilter\":{\"aggregation\":{\"alignmentPeriod\":\"60s\",\"perSeriesAligner\":\"ALIGN_RATE\"},\"filter\":\"resource.type = \\\"cloud_run_revision\\\" AND resource.labels.service_name = \\\"contextpilot-backend\\\" AND metric.type = \\\"run.googleapis.com/request_count\\\"\"}}}]}},\"width\":6},{\"height\":4,\"widget\":{\"title\":\"Response Codes\",\"xyChart\":{\"dataSets\":[{\"plotType\":\"LINE\",\"targetAxis\":\"Y1\",\"timeSeriesQuery\":{\"timeSeriesFilter\":{\"aggregation\":{\"alignmentPeriod\":\"60s\",\"groupByFields\":[\"metric.label.response_code_class\"],\"perSeriesAligner\":\"ALIGN_RATE\"},\"filter\":\"resource.type = \\\"cloud_run_revision\\\" AND resource.labels.service_name = \\\"contextpilot-backend\\\" AND metric.type = \\\"run.googleapis.com/request_count\\\"\"}}}]}},\"width\":6,\"xPos\":6},{\"height\":4,\"widget\":{\"title\":\"Gemini API Calls\",\"xyChart\":{\"dataSets\":[{\"plotType\":\"LINE\",\"targetAxis\":\"Y1\",\"timeSeriesQuery\":{\"timeSeriesFilter\":{\"aggregation\":{\"alignmentPeriod\":\"60s\",\"perSeriesAligner\":\"ALIGN_RATE\"},\"filter\":\"resource.type = \\\"consumed_api\\\" AND metric.type = \\\"serviceruntime.googleapis.com/api/request_count\\\" AND resource.labels.service = \\\"generativelanguage.googleapis.com\\\"\"}}}]}},\"width\":6,\"yPos\":4},{\"height\":4,\"widget\":{\"scorecard\":{\"timeSeriesQuery\":{\"timeSeriesFilter\":{\"aggregation\":{\"alignmentPeriod\":\"86400s\",\"perSeriesAligner\":\"ALIGN_SUM\"},\"filter\":\"resource.type = \\\"global\\\" AND metric.type = \\\"billing.googleapis.com/cost\\\"\"}}},\"title\":\"Estimated Daily Cost\"},\"width\":6,\"xPos\":6,\"yPos\":4}]},\"name\":\"projects/581368740395/dashboards/5ad49ff6-3e22-4492-8b87-993e49447868\"}",
            "id": "projects/581368740395/dashboards/5ad49ff6-3e22-4492-8b87-993e49447868",
            "project": "gen-lang-client-0805532064",
            "timeouts": null
          },
          "sensitive_attributes": [],
          "private": "eyJlMmJmYjczMC1lY2FhLTExZTYtOGY4OC0zNDM2M2JjN2M0YzAiOnsiY3JlYXRlIjoyNDAwMDAwMDAwMDAsImRlbGV0ZSI6MjQwMDAwMDAwMDAwLCJ1cGRhdGUiOjI0MDAwMDAwMDAwMH19",
          "dependencies": [
            "data.google_project.project",
            "google_cloud_run_service.backend",
            "google_project_service.required_apis",
            "google_secret_manager_secret.github_token",
            "google_secret_manager_secret.google_api_key",
            "google_secret_manager_secret_iam_member.cloud_run_secret_access"
          ]
        }
      ]
    },
    {
      "mode": "managed",
      "type": "google_project_service",
      "name": "required_apis",
      "provider": "provider[\"registry.terraform.io/hashicorp/google\"]",
      "instances": [
        {
          "index_key": "cloudbuild.googleapis.com",
          "schema_version": 0,
          "attributes": {
            "disable_dependent_services": null,
            "disable_on_destroy": false,
            "id": "gen-lang-client-0805532064/cloudbuild.googleapis.com",
            "project": "gen-lang-client-0805532064",
            "service": "cloudbuild.googleapis.com",
            "timeouts": null
          },
          "sensitive_attributes": [],
          "private": "eyJlMmJmYjczMC1lY2FhLTExZTYtOGY4OC0zNDM2M2JjN2M0YzAiOnsiY3JlYXRlIjoxMjAwMDAwMDAwMDAwLCJkZWxldGUiOjEyMDAwMDAwMDAwMDAsInJlYWQiOjYwMDAwMDAwMDAwMCwidXBkYXRlIjoxMjAwMDAwMDAwMDAwfX0="
        },
        {
          "index_key": "containerregistry.googleapis.com",
          "schema_version": 0,
          "attributes": {
            "disable_dependent_services": null,
            "disable_on_destroy": false,
            "id": "gen-lang-client-0805532064/containerregistry.googleapis.com",
            "project": "gen-lang-client-0805532064",
            "service": "containerregistry.googleapis.com",
            "timeouts": null
          },
          "sensitive_attributes": [],
          "private": "eyJlMmJmYjczMC1lY2FhLTExZTYtOGY4OC0zNDM2M2JjN2M0YzAiOnsiY3JlYXRlIjoxMjAwMDAwMDAwMDAwLCJkZWxldGUiOjEyMDAwMDAwMDAwMDAsInJlYWQiOjYwMDAwMDAwMDAwMCwidXBkYXRlIjoxMjAwMDAwMDAwMDAwfX0="
        },
        {
          "index_key": "firestore.googleapis.com",
          "schema_version": 0,
          "attributes": {
            "disable_dependent_services": null,
            "disable_on_destroy": false,
            "id": "gen-lang-client-0805532064/firestore.googleapis.com",
            "project": "gen-lang-client-0805532064",
            "service": "firestore.googleapis.com",
            "timeouts": null
          },
          "sensitive_attributes": [],
          "private": "eyJlMmJmYjczMC1lY2FhLTExZTYtOGY4OC0zNDM2M2JjN2M0YzAiOnsiY3JlYXRlIjoxMjAwMDAwMDAwMDAwLCJkZWxldGUiOjEyMDAwMDAwMDAwMDAsInJlYWQiOjYwMDAwMDAwMDAwMCwidXBkYXRlIjoxMjAwMDAwMDAwMDAwfX0="
        },
        {
          "index_key": "pubsub.googleapis.com",
          "schema_version": 0,
          "attributes": {
            "disable_dependent_services": null,
            "disable_on_destroy": false,
            "id": "gen-lang-client-0805532064/pubsub.googleapis.com",
            "project": "gen-lang-client-0805532064",
            "service": "pubsub.googleapis.com",
            "timeouts": null
          },
          "sensitive_attributes": [],
          "private": "eyJlMmJmYjczMC1lY2FhLTExZTYtOGY4OC0zNDM2M2JjN2M0YzAiOnsiY3JlYXRlIjoxMjAwMDAwMDAwMDAwLCJkZWxldGUiOjEyMDAwMDAwMDAwMDAsInJlYWQiOjYwMDAwMDAwMDAwMCwidXBkYXRlIjoxMjAwMDAwMDAwMDAwfX0="
        },
        {
          "index_key": "run.googleapis.com",
          "schema_version": 0,
          "attributes": {
            "disable_dependent_services": null,
            "disable_on_destroy": false,
            "id": "gen-lang-client-0805532064/run.googleapis.com",
            "project": "gen-lang-client-0805532064",
            "service": "run.googleapis.com",
            "timeouts": null
          },
          "sensitive_attributes": [],
          "private": "eyJlMmJmYjczMC1lY2FhLTExZTYtOGY4OC0zNDM2M2JjN2M0YzAiOnsiY3JlYXRlIjoxMjAwMDAwMDAwMDAwLCJkZWxldGUiOjEyMDAwMDAwMDAwMDAsInJlYWQiOjYwMDAwMDAwMDAwMCwidXBkYXRlIjoxMjAwMDAwMDAwMDAwfX0="
        },
        {
          "index_key": "secretmanager.googleapis.com",
          "schema_version": 0,
          "attributes": {
            "disable_dependent_services": null,
            "disable_on_destroy": false,
            "id": "gen-lang-client-0805532064/secretmanager.googleapis.com",
            "project": "gen-lang-client-0805532064",
            "service": "secretmanager.googleapis.com",
            "timeouts": null
          },
          "sensitive_attributes": [],
          "private": "eyJlMmJmYjczMC1lY2FhLTExZTYtOGY4OC0zNDM2M2JjN2M0YzAiOnsiY3JlYXRlIjoxMjAwMDAwMDAwMDAwLCJkZWxldGUiOjEyMDAwMDAwMDAwMDAsInJlYWQiOjYwMDAwMDAwMDAwMCwidXBkYXRlIjoxMjAwMDAwMDAwMDAwfX0="
        }
      ]
    },
    {
      "mode": "managed",
      "type": "google_pubsub_subscription",
      "name": "agent_subscriptions",
      "provider": "provider[\"registry.terraform.io/hashicorp/google\"]",
      "instances": [
        {
          "index_key": "coach-agent",
          "schema_version": 0,
          "attributes": {
            "ack_deadline_seconds": 20,
            "bigquery_config": [],
            "cloud_storage_config": [],
            "dead_letter_policy": [
              {
                "dead_letter_topic": "projects/gen-lang-client-0805532064/topics/dead-letter-queue",
                "max_delivery_attempts": 5
              }
            ],
            "effective_labels": {},
            "enable_exactly_once_delivery": false,
            "enable_message_ordering": false,
            "expiration_policy": [
              {
                "ttl": "2678400s"
              }
            ],
            "filter": "",
            "id": "projects/gen-lang-client-0805532064/subscriptions/coach-agent-sub",
            "labels": {},
            "message_retention_duration": "604800s",
            "name": "coach-agent-sub",
            "project": "gen-lang-client-0805532064",
            "push_config": [],
            "retain_acked_messages": false,
            "retry_policy": [
              {
                "maximum_backoff": "600s",
                "minimum_backoff": "10s"
              }
            ],
            "terraform_labels": {},
            "timeouts": null,
            "topic": "projects/gen-lang-client-0805532064/topics/coach-events"
          },
          "sensitive_attributes": [],
          "private": "eyJlMmJmYjczMC1lY2FhLTExZTYtOGY4OC0zNDM2M2JjN2M0YzAiOnsiY3JlYXRlIjoxMjAwMDAwMDAwMDAwLCJkZWxldGUiOjEyMDAwMDAwMDAwMDAsInVwZGF0ZSI6MTIwMDAwMDAwMDAwMH19",
          "dependencies": [
            "google_project_service.required_apis",
            "google_pubsub_topic.event_topics"
          ]
        },
        {
          "index_key": "git-agent",
          "schema_version": 0,
          "attributes": {
            "ack_deadline_seconds": 20,
            "bigquery_config": [],
            "cloud_storage_config": [],
            "dead_letter_policy": [
              {
                "dead_letter_topic": "projects/gen-lang-client-0805532064/topics/dead-letter-queue",
                "max_delivery_attempts": 5
              }
            ],
            "effective_labels": {},
            "enable_exactly_once_delivery": false,
            "enable_message_ordering": false,
            "expiration_policy": [
              {
                "ttl": "2678400s"
              }
            ],
            "filter": "",
            "id": "projects/gen-lang-client-0805532064/subscriptions/git-agent-sub",
            "labels": {},
            "message_retention_duration": "604800s",
            "name": "git-agent-sub",
            "project": "gen-lang-client-0805532064",
            "push_config": [],
            "retain_acked_messages": false,
            "retry_policy": [
              {
                "maximum_backoff": "600s",
                "minimum_backoff": "10s"
              }
            ],
            "terraform_labels": {},
            "timeouts": null,
            "topic": "projects/gen-lang-client-0805532064/topics/git-events"
          },
          "sensitive_attributes": [],
          "private": "eyJlMmJmYjczMC1lY2FhLTExZTYtOGY4OC0zNDM2M2JjN2M0YzAiOnsiY3JlYXRlIjoxMjAwMDAwMDAwMDAwLCJkZWxldGUiOjEyMDAwMDAwMDAwMDAsInVwZGF0ZSI6MTIwMDAwMDAwMDAwMH19",
          "dependencies": [
            "google_project_service.required_apis",
            "google_pubsub_topic.event_topics"
          ]
        },
        {
          "index_key": "retrospective-agent",
          "schema_version": 0,
          "attributes": {
            "ack_deadline_seconds": 20,
            "bigquery_config": [],
            "cloud_storage_config": [],
            "dead_letter_policy": [
              {
                "dead_letter_topic": "projects/gen-lang-client-0805532064/topics/dead-letter-queue",
                "max_delivery_attempts": 5
              }
            ],
            "effective_labels": {},
            "enable_exactly_once_delivery": false,
            "enable_message_ordering": false,
            "expiration_policy": [
              {
                "ttl": "2678400s"
              }
            ],
            "filter": "",
            "id": "projects/gen-lang-client-0805532064/subscriptions/retrospective-agent-sub",
            "labels": {},
            "message_retention_duration": "604800s",
            "name": "retrospective-agent-sub",
            "project": "gen-lang-client-0805532064",
            "push_config": [],
            "retain_acked_messages": false,
            "retry_policy": [
              {
                "maximum_backoff": "600s",
                "minimum_backoff": "10s"
              }
            ],
            "terraform_labels": {},
            "timeouts": null,
            "topic": "projects/gen-lang-client-0805532064/topics/retrospective-events"
          },
          "sensitive_attributes": [],
          "private": "eyJlMmJmYjczMC1lY2FhLTExZTYtOGY4OC0zNDM2M2JjN2M0YzAiOnsiY3JlYXRlIjoxMjAwMDAwMDAwMDAwLCJkZWxldGUiOjEyMDAwMDAwMDAwMDAsInVwZGF0ZSI6MTIwMDAwMDAwMDAwMH19",
          "dependencies": [
            "google_project_service.required_apis",
            "google_pubsub_topic.event_topics"
          ]
        },
        {
          "index_key": "spec-agent",
          "schema_version": 0,
          "attributes": {
            "ack_deadline_seconds": 20,
            "bigquery_config": [],
            "cloud_storage_config": [],
            "dead_letter_policy": [
              {
                "dead_letter_topic": "projects/gen-lang-client-0805532064/topics/dead-letter-queue",
                "max_delivery_attempts": 5
              }
            ],
            "effective_labels": {},
            "enable_exactly_once_delivery": false,
            "enable_message_ordering": false,
            "expiration_policy": [
              {
                "ttl": "2678400s"
              }
            ],
            "filter": "",
            "id": "projects/gen-lang-client-0805532064/subscriptions/spec-agent-sub",
            "labels": {},
            "message_retention_duration": "604800s",
            "name": "spec-agent-sub",
            "project": "gen-lang-client-0805532064",
            "push_config": [],
            "retain_acked_messages": false,
            "retry_policy": [
              {
                "maximum_backoff": "600s",
                "minimum_backoff": "10s"
              }
            ],
            "terraform_labels": {},
            "timeouts": null,
            "topic": "projects/gen-lang-client-0805532064/topics/spec-events"
          },
          "sensitive_attributes": [],
          "private": "eyJlMmJmYjczMC1lY2FhLTExZTYtOGY4OC0zNDM2M2JjN2M0YzAiOnsiY3JlYXRlIjoxMjAwMDAwMDAwMDAwLCJkZWxldGUiOjEyMDAwMDAwMDAwMDAsInVwZGF0ZSI6MTIwMDAwMDAwMDAwMH19",
          "dependencies": [
            "google_project_service.required_apis",
            "google_pubsub_topic.event_topics"
          ]
        },
        {
          "index_key": "strategy-agent",
          "schema_version": 0,
          "attributes": {
            "ack_deadline_seconds": 20,
            "bigquery_config": [],
            "cloud_storage_config": [],
            "dead_letter_policy": [
              {
                "dead_letter_topic": "projects/gen-lang-client-0805532064/topics/dead-letter-queue",
                "max_delivery_attempts": 5
              }
            ],
            "effective_labels": {},
            "enable_exactly_once_delivery": false,
            "enable_message_ordering": false,
            "expiration_policy": [
              {
                "ttl": "2678400s"
              }
            ],
            "filter": "",
            "id": "projects/gen-lang-client-0805532064/subscriptions/strategy-agent-sub",
            "labels": {},
            "message_retention_duration": "604800s",
            "name": "strategy-agent-sub",
            "project": "gen-lang-client-0805532064",
            "push_config": [],
            "retain_acked_messages": false,
            "retry_policy": [
              {
                "maximum_backoff": "600s",
                "minimum_backoff": "10s"
              }
            ],
            "terraform_labels": {},
            "timeouts": null,
            "topic": "projects/gen-lang-client-0805532064/topics/strategy-events"
          },
          "sensitive_attributes": [],
          "private": "eyJlMmJmYjczMC1lY2FhLTExZTYtOGY4OC0zNDM2M2JjN2M0YzAiOnsiY3JlYXRlIjoxMjAwMDAwMDAwMDAwLCJkZWxldGUiOjEyMDAwMDAwMDAwMDAsInVwZGF0ZSI6MTIwMDAwMDAwMDAwMH19",
          "dependencies": [
            "google_project_service.required_apis",
            "google_pubsub_topic.event_topics"
          ]
        }
      ]
    },
    {
      "mode": "managed",
      "type": "google_pubsub_topic",
      "name": "event_topics",
      "provider": "provider[\"registry.terraform.io/hashicorp/google\"]",
      "instances": [
        {
          "index_key": "artifact-events",
          "schema_version": 0,
          "attributes": {
            "effective_labels": {},
            "id": "projects/gen-lang-client-0805532064/topics/artifact-events",
            "ingestion_data_source_settings": [],
            "kms_key_name": "",
            "labels": {},
            "message_retention_duration": "",
            "message_storage_policy": [],
            "name": "artifact-events",
            "project": "gen-lang-client-0805532064",
            "schema_settings": [],
            "terraform_labels": {},
            "timeouts": null
          },
          "sensitive_attributes": [],
          "private": "eyJlMmJmYjczMC1lY2FhLTExZTYtOGY4OC0zNDM2M2JjN2M0YzAiOnsiY3JlYXRlIjoxMjAwMDAwMDAwMDAwLCJkZWxldGUiOjEyMDAwMDAwMDAwMDAsInVwZGF0ZSI6MTIwMDAwMDAwMDAwMH19",
          "dependencies": [
            "google_project_service.required_apis"
          ]
        },
        {
          "index_key": "coach-events",
          "schema_version": 0,
          "attributes": {
            "effective_labels": {},
            "id": "projects/gen-lang-client-0805532064/topics/coach-events",
            "ingestion_data_source_settings": [],
            "kms_key_name": "",
            "labels": {},
            "message_retention_duration": "",
            "message_storage_policy": [],
            "name": "coach-events",
            "project": "gen-lang-client-0805532064",
            "schema_settings": [],
            "terraform_labels": {},
            "timeouts": null
          },
          "sensitive_attributes": [],
          "private": "eyJlMmJmYjczMC1lY2FhLTExZTYtOGY4OC0zNDM2M2JjN2M0YzAiOnsiY3JlYXRlIjoxMjAwMDAwMDAwMDAwLCJkZWxldGUiOjEyMDAwMDAwMDAwMDAsInVwZGF0ZSI6MTIwMDAwMDAwMDAwMH19",
          "dependencies": [
            "google_project_service.required_apis"
          ]
        },
        {
          "index_key": "context-events",
          "schema_version": 0,
          "attributes": {
            "effective_labels": {},
            "id": "projects/gen-lang-client-0805532064/topics/context-events",
            "ingestion_data_source_settings": [],
            "kms_key_name": "",
            "labels": {},
            "message_retention_duration": "",
            "message_storage_policy": [],
            "name": "context-events",
            "project": "gen-lang-client-0805532064",
            "schema_settings": [],
            "terraform_labels": {},
            "timeouts": null
          },
          "sensitive_attributes": [],
          "private": "eyJlMmJmYjczMC1lY2FhLTExZTYtOGY4OC0zNDM2M2JjN2M0YzAiOnsiY3JlYXRlIjoxMjAwMDAwMDAwMDAwLCJkZWxldGUiOjEyMDAwMDAwMDAwMDAsInVwZGF0ZSI6MTIwMDAwMDAwMDAwMH19",
          "dependencies": [
            "google_project_service.required_apis"
          ]
        },
        {
          "index_key": "dead-letter-queue",
          "schema_version": 0,
          "attributes": {
            "effective_labels": {},
            "id": "projects/gen-lang-client-0805532064/topics/dead-letter-queue",
            "ingestion_data_source_settings": [],
            "kms_key_name": "",
            "labels": {},
            "message_retention_duration": "",
            "message_storage_policy": [],
            "name": "dead-letter-queue",
            "project": "gen-lang-client-0805532064",
            "schema_settings": [],
            "terraform_labels": {},
            "timeouts": null
          },
          "sensitive_attributes": [],
          "private": "eyJlMmJmYjczMC1lY2FhLTExZTYtOGY4OC0zNDM2M2JjN2M0YzAiOnsiY3JlYXRlIjoxMjAwMDAwMDAwMDAwLCJkZWxldGUiOjEyMDAwMDAwMDAwMDAsInVwZGF0ZSI6MTIwMDAwMDAwMDAwMH19",
          "dependencies": [
            "google_project_service.required_apis"
          ]
        },
        {
          "index_key": "git-events",
          "schema_version": 0,
          "attributes": {
            "effective_labels": {},
            "id": "projects/gen-lang-client-0805532064/topics/git-events",
            "ingestion_data_source_settings": [],
            "kms_key_name": "",
            "labels": {},
            "message_retention_duration": "",
            "message_storage_policy": [],
            "name": "git-events",
            "project": "gen-lang-client-0805532064",
            "schema_settings": [],
            "terraform_labels": {},
            "timeouts": null
          },
          "sensitive_attributes": [],
          "private": "eyJlMmJmYjczMC1lY2FhLTExZTYtOGY4OC0zNDM2M2JjN2M0YzAiOnsiY3JlYXRlIjoxMjAwMDAwMDAwMDAwLCJkZWxldGUiOjEyMDAwMDAwMDAwMDAsInVwZGF0ZSI6MTIwMDAwMDAwMDAwMH19",
          "dependencies": [
            "google_project_service.required_apis"
          ]
        },
        {
          "index_key": "milestone-events",
          "schema_version": 0,
          "attributes": {
            "effective_labels": {},
            "id": "projects/gen-lang-client-0805532064/topics/milestone-events",
            "ingestion_data_source_settings": [],
            "kms_key_name": "",
            "labels": {},
            "message_retention_duration": "",
            "message_storage_policy": [],
            "name": "milestone-events",
            "project": "gen-lang-client-0805532064",
            "schema_settings": [],
            "terraform_labels": {},
            "timeouts": null
          },
          "sensitive_attributes": [],
          "private": "eyJlMmJmYjczMC1lY2FhLTExZTYtOGY4OC0zNDM2M2JjN2M0YzAiOnsiY3JlYXRlIjoxMjAwMDAwMDAwMDAwLCJkZWxldGUiOjEyMDAwMDAwMDAwMDAsInVwZGF0ZSI6MTIwMDAwMDAwMDAwMH19",
          "dependencies": [
            "google_project_service.required_apis"
          ]
        },
        {
          "index_key": "proposal-events",
          "schema_version": 0,
          "attributes": {
            "effective_labels": {},
            "id": "projects/gen-lang-client-0805532064/topics/proposal-events",
            "ingestion_data_source_settings": [],
            "kms_key_name": "",
            "labels": {},
            "message_retention_duration": "",
            "message_storage_policy": [],
            "name": "proposal-events",
            "project": "gen-lang-client-0805532064",
            "schema_settings": [],
            "terraform_labels": {},
            "timeouts": null
          },
          "sensitive_attributes": [],
          "private": "eyJlMmJmYjczMC1lY2FhLTExZTYtOGY4OC0zNDM2M2JjN2M0YzAiOnsiY3JlYXRlIjoxMjAwMDAwMDAwMDAwLCJkZWxldGUiOjEyMDAwMDAwMDAwMDAsInVwZGF0ZSI6MTIwMDAwMDAwMDAwMH19",
          "dependencies": [
            "google_project_service.required_apis"
          ]
        },
        {
          "index_key": "retrospective-events",
          "schema_version": 0,
          "attributes": {
            "effective_labels": {},
            "id": "projects/gen-lang-client-0805532064/topics/retrospective-events",
            "ingestion_data_source_settings": [],
            "kms_key_name": "",
            "labels": {},
            "message_retention_duration": "",
            "message_storage_policy": [],
            "name": "retrospective-events",
            "project": "gen-lang-client-0805532064",
            "schema_settings": [],
            "terraform_labels": {},
            "timeouts": null
          },
          "sensitive_attributes": [],
          "private": "eyJlMmJmYjczMC1lY2FhLTExZTYtOGY4OC0zNDM2M2JjN2M0YzAiOnsiY3JlYXRlIjoxMjAwMDAwMDAwMDAwLCJkZWxldGUiOjEyMDAwMDAwMDAwMDAsInVwZGF0ZSI6MTIwMDAwMDAwMDAwMH19",
          "dependencies": [
            "google_project_service.required_apis"
          ]
        },
        {
          "index_key": "reward-events",
          "schema_version": 0,
          "attributes": {
            "effective_labels": {},
            "id": "projects/gen-lang-client-0805532064/topics/reward-events",
            "ingestion_data_source_settings": [],
            "kms_key_name": "",
            "labels": {},
            "message_retention_duration": "",
            "message_storage_policy": [],
            "name": "reward-events",
            "project": "gen-lang-client-0805532064",
            "schema_settings": [],
            "terraform_labels": {},
            "timeouts": null
          },
          "sensitive_attributes": [],
          "private": "eyJlMmJmYjczMC1lY2FhLTExZTYtOGY4OC0zNDM2M2JjN2M0YzAiOnsiY3JlYXRlIjoxMjAwMDAwMDAwMDAwLCJkZWxldGUiOjEyMDAwMDAwMDAwMDAsInVwZGF0ZSI6MTIwMDAwMDAwMDAwMH19",
          "dependencies": [
            "google_project_service.required_apis"
          ]
        },
        {
          "index_key": "spec-events",
          "schema_version": 0,
          "attributes": {
            "effective_labels": {},
            "id": "projects/gen-lang-client-0805532064/topics/spec-events",
            "ingestion_data_source_settings": [],
            "kms_key_name": "",
            "labels": {},
            "message_retention_duration": "",
            "message_storage_policy": [],
            "name": "spec-events",
            "project": "gen-lang-client-0805532064",
            "schema_settings": [],
            "terraform_labels": {},
            "timeouts": null
          },
          "sensitive_attributes": [],
          "private": "eyJlMmJmYjczMC1lY2FhLTExZTYtOGY4OC0zNDM2M2JjN2M0YzAiOnsiY3JlYXRlIjoxMjAwMDAwMDAwMDAwLCJkZWxldGUiOjEyMDAwMDAwMDAwMDAsInVwZGF0ZSI6MTIwMDAwMDAwMDAwMH19",
          "dependencies": [
            "google_project_service.required_apis"
          ]
        },
        {
          "index_key": "strategy-events",
          "schema_version": 0,
          "attributes": {
            "effective_labels": {},
            "id": "projects/gen-lang-client-0805532064/topics/strategy-events",
            "ingestion_data_source_settings": [],
            "kms_key_name": "",
            "labels": {},
            "message_retention_duration": "",
            "message_storage_policy": [],
            "name": "strategy-events",
            "project": "gen-lang-client-0805532064",
            "schema_settings": [],
            "terraform_labels": {},
            "timeouts": null
          },
          "sensitive_attributes": [],
          "private": "eyJlMmJmYjczMC1lY2FhLTExZTYtOGY4OC0zNDM2M2JjN2M0YzAiOnsiY3JlYXRlIjoxMjAwMDAwMDAwMDAwLCJkZWxldGUiOjEyMDAwMDAwMDAwMDAsInVwZGF0ZSI6MTIwMDAwMDAwMDAwMH19",
          "dependencies": [
            "google_project_service.required_apis"
          ]
        }
      ]
    },
    {
      "mode": "managed",
      "type": "google_secret_manager_secret",
      "name": "github_token",
      "provider": "provider[\"registry.terraform.io/hashicorp/google\"]",
      "instances": [
        {
          "schema_version": 0,
          "attributes": {
            "annotations": {},
            "create_time": "2025-10-16T20:23:56.738354Z",
            "effective_annotations": {},
            "effective_labels": {},
            "expire_time": "",
            "id": "projects/gen-lang-client-0805532064/secrets/GITHUB_TOKEN",
            "labels": {},
            "name": "projects/581368740395/secrets/GITHUB_TOKEN",
            "project": "gen-lang-client-0805532064",
            "replication": [
              {
                "auto": [],
                "user_managed": [
                  {
                    "replicas": [
                      {
                        "customer_managed_encryption": [],
                        "location": "us-central1"
                      }
                    ]
                  }
                ]
              }
            ],
            "rotation": [],
            "secret_id": "GITHUB_TOKEN",
            "terraform_labels": {},
            "timeouts": null,
            "topics": [],
            "ttl": null,
            "version_aliases": {},
            "version_destroy_ttl": ""
          },
          "sensitive_attributes": [],
          "private": "eyJlMmJmYjczMC1lY2FhLTExZTYtOGY4OC0zNDM2M2JjN2M0YzAiOnsiY3JlYXRlIjoxMjAwMDAwMDAwMDAwLCJkZWxldGUiOjEyMDAwMDAwMDAwMDAsInVwZGF0ZSI6MTIwMDAwMDAwMDAwMH19",
          "dependencies": [
            "google_project_service.required_apis"
          ]
        }
      ]
    },
    {
      "mode": "managed",
      "type": "google_secret_manager_secret",
      "name": "google_api_key",
      "provider": "provider[\"registry.terraform.io/hashicorp/google\"]",
      "instances": [
        {
          "schema_version": 0,
          "attributes": {
            "annotations": {},
            "create_time": "2025-10-16T19:12:08.986150Z",
            "effective_annotations": {},
            "effective_labels": {},
            "expire_time": "",
            "id": "projects/gen-lang-client-0805532064/secrets/GOOGLE_API_KEY",
            "labels": {},
            "name": "projects/581368740395/secrets/GOOGLE_API_KEY",
            "project": "gen-lang-client-0805532064",
            "replication": [
              {
                "auto": [],
                "user_managed": [
                  {
                    "replicas": [
                      {
                        "customer_managed_encryption": [],
                        "location": "us-central1"
                      }
                    ]
                  }
                ]
              }
            ],
            "rotation": [],
            "secret_id": "GOOGLE_API_KEY",
            "terraform_labels": {},
            "timeouts": null,
            "topics": [],
            "ttl": null,
            "version_aliases": {},
            "version_destroy_ttl": ""
          },
          "sensitive_attributes": [],
          "private": "eyJlMmJmYjczMC1lY2FhLTExZTYtOGY4OC0zNDM2M2JjN2M0YzAiOnsiY3JlYXRlIjoxMjAwMDAwMDAwMDAwLCJkZWxldGUiOjEyMDAwMDAwMDAwMDAsInVwZGF0ZSI6MTIwMDAwMDAwMDAwMH19",
          "dependencies": [
            "google_project_service.required_apis"
          ]
        }
      ]
    },
    {
      "mode": "managed",
      "type": "google_secret_manager_secret_iam_member",
      "name": "cloud_run_github_token_access",
      "provider": "provider[\"registry.terraform.io/hashicorp/google\"]",
      "instances": [
        {
          "schema_version": 0,
          "attributes": {
            "condition": [],
            "etag": "BwZBTGWo444=",
            "id": "projects/gen-lang-client-0805532064/secrets/GITHUB_TOKEN/roles/secretmanager.secretAccessor/serviceAccount:581368740395-compute@developer.gserviceaccount.com",
            "member": "serviceAccount:581368740395-compute@developer.gserviceaccount.com",
            "project": "gen-lang-client-0805532064",
            "role": "roles/secretmanager.secretAccessor",
            "secret_id": "projects/gen-lang-client-0805532064/secrets/GITHUB_TOKEN"
          },
          "sensitive_attributes": [],
          "private": "bnVsbA==",
          "dependencies": [
            "data.google_project.project",
            "google_project_service.required_apis",
            "google_secret_manager_secret.github_token"
          ]
        }
      ]
    },
    {
      "mode": "managed",
      "type": "google_secret_manager_secret_iam_member",
      "name": "cloud_run_secret_access",
      "provider": "provider[\"registry.terraform.io/hashicorp/google\"]",
      "instances": [
        {
          "schema_version": 0,
          "attributes": {
            "condition": [],
            "etag": "BwZBS2T7xRM=",
            "id": "projects/gen-lang-client-0805532064/secrets/GOOGLE_API_KEY/roles/secretmanager.secretAccessor/serviceAccount:581368740395-compute@developer.gserviceaccount.com",
            "member": "serviceAccount:581368740395-compute@developer.gserviceaccount.com",
            "project": "gen-lang-client-0805532064",
            "role": "roles/secretmanager.secretAccessor",
            "secret_id": "projects/gen-lang-client-0805532064/secrets/GOOGLE_API_KEY"
          },
          "sensitive_attributes": [],
          "private": "bnVsbA==",
          "dependencies": [
            "data.google_project.project",
            "google_project_service.required_apis",
            "google_secret_manager_secret.google_api_key"
          ]
        }
      ]
    }
  ],
  "check_results": null
}
